
Microsoft Visual Studio Solution File, Format Version 12.00
# Visual Studio Version 17
VisualStudioVersion = 17.14.36518.9 d17.14
MinimumVisualStudioVersion = 10.0.40219.1
Project("{FAE04EC0-301F-11D3-BF4B-00C04F79EFBC}") = "Matrizes_Soma_Nprimos", "Matrizes_Soma_Nprimos\Matrizes_Soma_Nprimos.csproj", "{50FD6108-3BA6-4447-ACC2-7D9F46D407C0}"
EndProject
Global
	GlobalSection(SolutionConfigurationPlatforms) = preSolution
		Debug|Any CPU = Debug|Any CPU
		Release|Any CPU = Release|Any CPU
	EndGlobalSection
	GlobalSection(ProjectConfigurationPlatforms) = postSolution
		{50FD6108-3BA6-4447-ACC2-7D9F46D407C0}.Debug|Any CPU.ActiveCfg = Debug|Any CPU
		{50FD6108-3BA6-4447-ACC2-7D9F46D407C0}.Debug|Any CPU.Build.0 = Debug|Any CPU
		{50FD6108-3BA6-4447-ACC2-7D9F46D407C0}.Release|Any CPU.ActiveCfg = Release|Any CPU
		{50FD6108-3BA6-4447-ACC2-7D9F46D407C0}.Release|Any CPU.Build.0 = Release|Any CPU
	EndGlobalSection
	GlobalSection(SolutionProperties) = preSolution
		HideSolutionNode = FALSE
	EndGlobalSection
	GlobalSection(ExtensibilityGlobals) = postSolution
		SolutionGuid = {066604C4-E817-4FA0-8C7C-666BE7F09FC8}
	EndGlobalSection
EndGlobal
