
Microsoft Visual Studio Solution File, Format Version 12.00
# Visual Studio Version 17
VisualStudioVersion = 17.14.36518.9 d17.14
MinimumVisualStudioVersion = 10.0.40219.1
Project("{FAE04EC0-301F-11D3-BF4B-00C04F79EFBC}") = "Matriz_Soma_Números_Reais", "Matriz_Soma_Números_Reais\Matriz_Soma_Números_Reais.csproj", "{90780631-ECB6-43E8-8EF6-CC4D7F151FF3}"
EndProject
Global
	GlobalSection(SolutionConfigurationPlatforms) = preSolution
		Debug|Any CPU = Debug|Any CPU
		Release|Any CPU = Release|Any CPU
	EndGlobalSection
	GlobalSection(ProjectConfigurationPlatforms) = postSolution
		{90780631-ECB6-43E8-8EF6-CC4D7F151FF3}.Debug|Any CPU.ActiveCfg = Debug|Any CPU
		{90780631-ECB6-43E8-8EF6-CC4D7F151FF3}.Debug|Any CPU.Build.0 = Debug|Any CPU
		{90780631-ECB6-43E8-8EF6-CC4D7F151FF3}.Release|Any CPU.ActiveCfg = Release|Any CPU
		{90780631-ECB6-43E8-8EF6-CC4D7F151FF3}.Release|Any CPU.Build.0 = Release|Any CPU
	EndGlobalSection
	GlobalSection(SolutionProperties) = preSolution
		HideSolutionNode = FALSE
	EndGlobalSection
	GlobalSection(ExtensibilityGlobals) = postSolution
		SolutionGuid = {E7BAAC19-4CA0-4256-AF50-BC336A23F33F}
	EndGlobalSection
EndGlobal
